
Microsoft Visual Studio Solution File, Format Version 12.00
# Visual Studio Version 17
VisualStudioVersion = 17.3.32825.248
MinimumVisualStudioVersion = 10.0.40219.1
Project("{2150E333-8FDC-42A3-9474-1A3956D46DE8}") = "src", "src", "{55F9B4C2-680F-474C-865B-8C5765C8222F}"
EndProject
Project("{2150E333-8FDC-42A3-9474-1A3956D46DE8}") = "AdBoard", "AdBoard", "{2434C39E-A8C6-43A8-A29F-B66FCAAE2EE5}"
EndProject
Project("{2150E333-8FDC-42A3-9474-1A3956D46DE8}") = "Contracts", "Contracts", "{BC426B2E-8FD7-4DBD-A932-4AC311E367F2}"
EndProject
Project("{2150E333-8FDC-42A3-9474-1A3956D46DE8}") = "Domain", "Domain", "{DF26A6ED-A8A4-47F4-B66D-7F40DB58BE1F}"
EndProject
Project("{9A19103F-16F7-4668-BE54-9A1E7A4F7556}") = "SelectedAd.Contracts", "src\AdBoard\Contracts\SelectedAd.Contracts\SelectedAd.Contracts.csproj", "{71665F30-9D4E-46F5-A302-15920B819A5C}"
EndProject
Project("{9A19103F-16F7-4668-BE54-9A1E7A4F7556}") = "SelectedAd.Domain", "src\AdBoard\Domain\SelectedAd.Domain\SelectedAd.Domain.csproj", "{DACCA5ED-723D-43A2-929C-F8A3FC6A092B}"
EndProject
Project("{2150E333-8FDC-42A3-9474-1A3956D46DE8}") = "Hosts", "Hosts", "{721E298E-CE8F-4F55-8BAE-8C718E18A586}"
EndProject
Project("{9A19103F-16F7-4668-BE54-9A1E7A4F7556}") = "AdBoard.Api", "src\AdBoard\Hosts\AdBoard.Api\AdBoard.Api.csproj", "{C51A19A7-E696-4DDD-B8F9-69A121D4EB27}"
EndProject
Project("{2150E333-8FDC-42A3-9474-1A3956D46DE8}") = "Infrastructure", "Infrastructure", "{B4D4302D-3994-4937-9D2A-4BBC099B78B4}"
EndProject
Project("{9A19103F-16F7-4668-BE54-9A1E7A4F7556}") = "SelectedAd.DataAccess", "src\AdBoard\Infrastructure\SelectedAd.DataAccess\SelectedAd.DataAccess.csproj", "{0480C770-2CDF-453C-8EF2-712E014E5360}"
EndProject
Project("{9A19103F-16F7-4668-BE54-9A1E7A4F7556}") = "AdBoard.Registrar", "src\AdBoard\Infrastructure\AdBoard.Registrar\AdBoard.Registrar.csproj", "{ACACD601-C80E-466D-B240-464BDE298499}"
EndProject
Project("{9A19103F-16F7-4668-BE54-9A1E7A4F7556}") = "AdBoard.Migrations", "src\AdBoard\Infrastructure\AdBoard.Migrations\AdBoard.Migrations.csproj", "{37BC814E-B333-47D9-BBC9-909115ADD3CC}"
EndProject
Project("{9A19103F-16F7-4668-BE54-9A1E7A4F7556}") = "AdBoard.Infrastructure", "src\AdBoard\Infrastructure\AdBoard.Infrastructure\AdBoard.Infrastructure.csproj", "{71DF3825-BC58-4F54-9897-472938E1DB4F}"
EndProject
Project("{2150E333-8FDC-42A3-9474-1A3956D46DE8}") = "Application", "Application", "{7F63D54C-71A8-4698-9371-3753E14BFB3B}"
EndProject
Project("{FAE04EC0-301F-11D3-BF4B-00C04F79EFBC}") = "AdBoard.AppServices", "src\AdBoard\Application\AdBoard.AppServices\AdBoard.AppServices.csproj", "{0CE7AF7F-CA81-4A84-8077-929600BC4B78}"
EndProject
Global
	GlobalSection(SolutionConfigurationPlatforms) = preSolution
		Debug|Any CPU = Debug|Any CPU
		Release|Any CPU = Release|Any CPU
	EndGlobalSection
	GlobalSection(ProjectConfigurationPlatforms) = postSolution
		{71665F30-9D4E-46F5-A302-15920B819A5C}.Debug|Any CPU.ActiveCfg = Debug|Any CPU
		{71665F30-9D4E-46F5-A302-15920B819A5C}.Debug|Any CPU.Build.0 = Debug|Any CPU
		{71665F30-9D4E-46F5-A302-15920B819A5C}.Release|Any CPU.ActiveCfg = Release|Any CPU
		{71665F30-9D4E-46F5-A302-15920B819A5C}.Release|Any CPU.Build.0 = Release|Any CPU
		{DACCA5ED-723D-43A2-929C-F8A3FC6A092B}.Debug|Any CPU.ActiveCfg = Debug|Any CPU
		{DACCA5ED-723D-43A2-929C-F8A3FC6A092B}.Debug|Any CPU.Build.0 = Debug|Any CPU
		{DACCA5ED-723D-43A2-929C-F8A3FC6A092B}.Release|Any CPU.ActiveCfg = Release|Any CPU
		{DACCA5ED-723D-43A2-929C-F8A3FC6A092B}.Release|Any CPU.Build.0 = Release|Any CPU
		{C51A19A7-E696-4DDD-B8F9-69A121D4EB27}.Debug|Any CPU.ActiveCfg = Debug|Any CPU
		{C51A19A7-E696-4DDD-B8F9-69A121D4EB27}.Debug|Any CPU.Build.0 = Debug|Any CPU
		{C51A19A7-E696-4DDD-B8F9-69A121D4EB27}.Release|Any CPU.ActiveCfg = Release|Any CPU
		{C51A19A7-E696-4DDD-B8F9-69A121D4EB27}.Release|Any CPU.Build.0 = Release|Any CPU
		{0480C770-2CDF-453C-8EF2-712E014E5360}.Debug|Any CPU.ActiveCfg = Debug|Any CPU
		{0480C770-2CDF-453C-8EF2-712E014E5360}.Debug|Any CPU.Build.0 = Debug|Any CPU
		{0480C770-2CDF-453C-8EF2-712E014E5360}.Release|Any CPU.ActiveCfg = Release|Any CPU
		{0480C770-2CDF-453C-8EF2-712E014E5360}.Release|Any CPU.Build.0 = Release|Any CPU
		{ACACD601-C80E-466D-B240-464BDE298499}.Debug|Any CPU.ActiveCfg = Debug|Any CPU
		{ACACD601-C80E-466D-B240-464BDE298499}.Debug|Any CPU.Build.0 = Debug|Any CPU
		{ACACD601-C80E-466D-B240-464BDE298499}.Release|Any CPU.ActiveCfg = Release|Any CPU
		{ACACD601-C80E-466D-B240-464BDE298499}.Release|Any CPU.Build.0 = Release|Any CPU
		{37BC814E-B333-47D9-BBC9-909115ADD3CC}.Debug|Any CPU.ActiveCfg = Debug|Any CPU
		{37BC814E-B333-47D9-BBC9-909115ADD3CC}.Debug|Any CPU.Build.0 = Debug|Any CPU
		{37BC814E-B333-47D9-BBC9-909115ADD3CC}.Release|Any CPU.ActiveCfg = Release|Any CPU
		{37BC814E-B333-47D9-BBC9-909115ADD3CC}.Release|Any CPU.Build.0 = Release|Any CPU
		{71DF3825-BC58-4F54-9897-472938E1DB4F}.Debug|Any CPU.ActiveCfg = Debug|Any CPU
		{71DF3825-BC58-4F54-9897-472938E1DB4F}.Debug|Any CPU.Build.0 = Debug|Any CPU
		{71DF3825-BC58-4F54-9897-472938E1DB4F}.Release|Any CPU.ActiveCfg = Release|Any CPU
		{71DF3825-BC58-4F54-9897-472938E1DB4F}.Release|Any CPU.Build.0 = Release|Any CPU
		{0CE7AF7F-CA81-4A84-8077-929600BC4B78}.Debug|Any CPU.ActiveCfg = Debug|Any CPU
		{0CE7AF7F-CA81-4A84-8077-929600BC4B78}.Debug|Any CPU.Build.0 = Debug|Any CPU
		{0CE7AF7F-CA81-4A84-8077-929600BC4B78}.Release|Any CPU.ActiveCfg = Release|Any CPU
		{0CE7AF7F-CA81-4A84-8077-929600BC4B78}.Release|Any CPU.Build.0 = Release|Any CPU
	EndGlobalSection
	GlobalSection(SolutionProperties) = preSolution
		HideSolutionNode = FALSE
	EndGlobalSection
	GlobalSection(NestedProjects) = preSolution
		{2434C39E-A8C6-43A8-A29F-B66FCAAE2EE5} = {55F9B4C2-680F-474C-865B-8C5765C8222F}
		{BC426B2E-8FD7-4DBD-A932-4AC311E367F2} = {2434C39E-A8C6-43A8-A29F-B66FCAAE2EE5}
		{DF26A6ED-A8A4-47F4-B66D-7F40DB58BE1F} = {2434C39E-A8C6-43A8-A29F-B66FCAAE2EE5}
		{71665F30-9D4E-46F5-A302-15920B819A5C} = {BC426B2E-8FD7-4DBD-A932-4AC311E367F2}
		{DACCA5ED-723D-43A2-929C-F8A3FC6A092B} = {DF26A6ED-A8A4-47F4-B66D-7F40DB58BE1F}
		{721E298E-CE8F-4F55-8BAE-8C718E18A586} = {2434C39E-A8C6-43A8-A29F-B66FCAAE2EE5}
		{C51A19A7-E696-4DDD-B8F9-69A121D4EB27} = {721E298E-CE8F-4F55-8BAE-8C718E18A586}
		{B4D4302D-3994-4937-9D2A-4BBC099B78B4} = {2434C39E-A8C6-43A8-A29F-B66FCAAE2EE5}
		{0480C770-2CDF-453C-8EF2-712E014E5360} = {B4D4302D-3994-4937-9D2A-4BBC099B78B4}
		{ACACD601-C80E-466D-B240-464BDE298499} = {B4D4302D-3994-4937-9D2A-4BBC099B78B4}
		{37BC814E-B333-47D9-BBC9-909115ADD3CC} = {B4D4302D-3994-4937-9D2A-4BBC099B78B4}
		{71DF3825-BC58-4F54-9897-472938E1DB4F} = {B4D4302D-3994-4937-9D2A-4BBC099B78B4}
		{7F63D54C-71A8-4698-9371-3753E14BFB3B} = {2434C39E-A8C6-43A8-A29F-B66FCAAE2EE5}
		{0CE7AF7F-CA81-4A84-8077-929600BC4B78} = {7F63D54C-71A8-4698-9371-3753E14BFB3B}
	EndGlobalSection
	GlobalSection(ExtensibilityGlobals) = postSolution
		SolutionGuid = {72885A54-E170-45A4-B00D-7D1D0955C52A}
	EndGlobalSection
EndGlobal
